
Microsoft Visual Studio Solution File, Format Version 12.00
# Visual Studio Version 17
VisualStudioVersion = 17.8.34322.80
MinimumVisualStudioVersion = 10.0.40219.1
Project("{FAE04EC0-301F-11D3-BF4B-00C04F79EFBC}") = "Municip.io.Server", "Municip.io.Server\Municip.io.Server.csproj", "{33F3AE8E-16B3-4EFC-83BD-D2CFE5E61B95}"
EndProject
Project("{54A90642-561A-4BB1-A94E-469ADEE60C69}") = "municip.io.client", "municip.io.client\municip.io.client.esproj", "{78F0510E-56FA-41D0-91C5-1053CAFA0A0F}"
EndProject
Global
	GlobalSection(SolutionConfigurationPlatforms) = preSolution
		Debug|Any CPU = Debug|Any CPU
		Release|Any CPU = Release|Any CPU
	EndGlobalSection
	GlobalSection(ProjectConfigurationPlatforms) = postSolution
		{33F3AE8E-16B3-4EFC-83BD-D2CFE5E61B95}.Debug|Any CPU.ActiveCfg = Debug|Any CPU
		{33F3AE8E-16B3-4EFC-83BD-D2CFE5E61B95}.Debug|Any CPU.Build.0 = Debug|Any CPU
		{33F3AE8E-16B3-4EFC-83BD-D2CFE5E61B95}.Release|Any CPU.ActiveCfg = Release|Any CPU
		{33F3AE8E-16B3-4EFC-83BD-D2CFE5E61B95}.Release|Any CPU.Build.0 = Release|Any CPU
		{78F0510E-56FA-41D0-91C5-1053CAFA0A0F}.Debug|Any CPU.ActiveCfg = Debug|Any CPU
		{78F0510E-56FA-41D0-91C5-1053CAFA0A0F}.Debug|Any CPU.Build.0 = Debug|Any CPU
		{78F0510E-56FA-41D0-91C5-1053CAFA0A0F}.Debug|Any CPU.Deploy.0 = Debug|Any CPU
		{78F0510E-56FA-41D0-91C5-1053CAFA0A0F}.Release|Any CPU.ActiveCfg = Release|Any CPU
		{78F0510E-56FA-41D0-91C5-1053CAFA0A0F}.Release|Any CPU.Build.0 = Release|Any CPU
		{78F0510E-56FA-41D0-91C5-1053CAFA0A0F}.Release|Any CPU.Deploy.0 = Release|Any CPU
	EndGlobalSection
	GlobalSection(SolutionProperties) = preSolution
		HideSolutionNode = FALSE
	EndGlobalSection
	GlobalSection(ExtensibilityGlobals) = postSolution
		SolutionGuid = {9B97EF60-B505-4862-9CF4-6333E55929F4}
	EndGlobalSection
EndGlobal
