
Microsoft Visual Studio Solution File, Format Version 12.00
# Visual Studio Version 17
VisualStudioVersion = 17.8.34322.80
MinimumVisualStudioVersion = 10.0.40219.1
Project("{FAE04EC0-301F-11D3-BF4B-00C04F79EFBC}") = "Municip.io.Server", "Municip.io.Server\Municip.io.Server.csproj", "{F7FF52A8-AA96-4609-9BFC-2A56A95482AE}"
EndProject
Project("{54A90642-561A-4BB1-A94E-469ADEE60C69}") = "municip.io.client", "municip.io.client\municip.io.client.esproj", "{B622DD87-A98B-4974-8FE8-D0FDA89ED9FB}"
EndProject
Global
	GlobalSection(SolutionConfigurationPlatforms) = preSolution
		Debug|Any CPU = Debug|Any CPU
		Release|Any CPU = Release|Any CPU
	EndGlobalSection
	GlobalSection(ProjectConfigurationPlatforms) = postSolution
		{F7FF52A8-AA96-4609-9BFC-2A56A95482AE}.Debug|Any CPU.ActiveCfg = Debug|Any CPU
		{F7FF52A8-AA96-4609-9BFC-2A56A95482AE}.Debug|Any CPU.Build.0 = Debug|Any CPU
		{F7FF52A8-AA96-4609-9BFC-2A56A95482AE}.Release|Any CPU.ActiveCfg = Release|Any CPU
		{F7FF52A8-AA96-4609-9BFC-2A56A95482AE}.Release|Any CPU.Build.0 = Release|Any CPU
		{B622DD87-A98B-4974-8FE8-D0FDA89ED9FB}.Debug|Any CPU.ActiveCfg = Debug|Any CPU
		{B622DD87-A98B-4974-8FE8-D0FDA89ED9FB}.Debug|Any CPU.Build.0 = Debug|Any CPU
		{B622DD87-A98B-4974-8FE8-D0FDA89ED9FB}.Debug|Any CPU.Deploy.0 = Debug|Any CPU
		{B622DD87-A98B-4974-8FE8-D0FDA89ED9FB}.Release|Any CPU.ActiveCfg = Release|Any CPU
		{B622DD87-A98B-4974-8FE8-D0FDA89ED9FB}.Release|Any CPU.Build.0 = Release|Any CPU
		{B622DD87-A98B-4974-8FE8-D0FDA89ED9FB}.Release|Any CPU.Deploy.0 = Release|Any CPU
	EndGlobalSection
	GlobalSection(SolutionProperties) = preSolution
		HideSolutionNode = FALSE
	EndGlobalSection
	GlobalSection(ExtensibilityGlobals) = postSolution
		SolutionGuid = {0A1DBB1D-5CFF-48ED-820E-61501BB95A1E}
	EndGlobalSection
EndGlobal
