
Microsoft Visual Studio Solution File, Format Version 12.00
# Visual Studio Version 17
VisualStudioVersion = 17.8.34322.80
MinimumVisualStudioVersion = 10.0.40219.1
Project("{9A19103F-16F7-4668-BE54-9A1E7A4F7556}") = "Municip.io.Server", "Municip.io.Server\Municip.io.Server.csproj", "{9EB50C50-63B5-4B9C-9FA3-3A2072A66675}"
EndProject
Project("{54A90642-561A-4BB1-A94E-469ADEE60C69}") = "municip.io.client", "municip.io.client\municip.io.client.esproj", "{34790B55-A76A-4A28-A2C3-266C1831BF41}"
EndProject
Project("{FAE04EC0-301F-11D3-BF4B-00C04F79EFBC}") = "Municip.ioTest", "Municip.ioTest\Municip.ioTest.csproj", "{EA739AA0-337A-45D6-8F6F-40EE0AA478C4}"
EndProject
Global
	GlobalSection(SolutionConfigurationPlatforms) = preSolution
		Debug|Any CPU = Debug|Any CPU
		Release|Any CPU = Release|Any CPU
	EndGlobalSection
	GlobalSection(ProjectConfigurationPlatforms) = postSolution
		{9EB50C50-63B5-4B9C-9FA3-3A2072A66675}.Debug|Any CPU.ActiveCfg = Debug|Any CPU
		{9EB50C50-63B5-4B9C-9FA3-3A2072A66675}.Debug|Any CPU.Build.0 = Debug|Any CPU
		{9EB50C50-63B5-4B9C-9FA3-3A2072A66675}.Release|Any CPU.ActiveCfg = Release|Any CPU
		{9EB50C50-63B5-4B9C-9FA3-3A2072A66675}.Release|Any CPU.Build.0 = Release|Any CPU
		{34790B55-A76A-4A28-A2C3-266C1831BF41}.Debug|Any CPU.ActiveCfg = Debug|Any CPU
		{34790B55-A76A-4A28-A2C3-266C1831BF41}.Debug|Any CPU.Build.0 = Debug|Any CPU
		{34790B55-A76A-4A28-A2C3-266C1831BF41}.Debug|Any CPU.Deploy.0 = Debug|Any CPU
		{34790B55-A76A-4A28-A2C3-266C1831BF41}.Release|Any CPU.ActiveCfg = Release|Any CPU
		{34790B55-A76A-4A28-A2C3-266C1831BF41}.Release|Any CPU.Build.0 = Release|Any CPU
		{34790B55-A76A-4A28-A2C3-266C1831BF41}.Release|Any CPU.Deploy.0 = Release|Any CPU
		{EA739AA0-337A-45D6-8F6F-40EE0AA478C4}.Debug|Any CPU.ActiveCfg = Debug|Any CPU
		{EA739AA0-337A-45D6-8F6F-40EE0AA478C4}.Debug|Any CPU.Build.0 = Debug|Any CPU
		{EA739AA0-337A-45D6-8F6F-40EE0AA478C4}.Release|Any CPU.ActiveCfg = Release|Any CPU
		{EA739AA0-337A-45D6-8F6F-40EE0AA478C4}.Release|Any CPU.Build.0 = Release|Any CPU
	EndGlobalSection
	GlobalSection(SolutionProperties) = preSolution
		HideSolutionNode = FALSE
	EndGlobalSection
	GlobalSection(ExtensibilityGlobals) = postSolution
		SolutionGuid = {024398EB-357C-4E73-AAA5-2C7C22F54CED}
	EndGlobalSection
EndGlobal
